
Microsoft Visual Studio Solution File, Format Version 12.00
# Visual Studio Version 17
VisualStudioVersion = 17.8.34330.188
MinimumVisualStudioVersion = 10.0.40219.1
Project("{FAE04EC0-301F-11D3-BF4B-00C04F79EFBC}") = "25.03.2024", "25.03.2024\25.03.2024.csproj", "{8AFB46B5-27F4-4D39-A383-B8369C95F051}"
EndProject
Global
	GlobalSection(SolutionConfigurationPlatforms) = preSolution
		Debug|Any CPU = Debug|Any CPU
		Release|Any CPU = Release|Any CPU
	EndGlobalSection
	GlobalSection(ProjectConfigurationPlatforms) = postSolution
		{8AFB46B5-27F4-4D39-A383-B8369C95F051}.Debug|Any CPU.ActiveCfg = Debug|Any CPU
		{8AFB46B5-27F4-4D39-A383-B8369C95F051}.Debug|Any CPU.Build.0 = Debug|Any CPU
		{8AFB46B5-27F4-4D39-A383-B8369C95F051}.Release|Any CPU.ActiveCfg = Release|Any CPU
		{8AFB46B5-27F4-4D39-A383-B8369C95F051}.Release|Any CPU.Build.0 = Release|Any CPU
	EndGlobalSection
	GlobalSection(SolutionProperties) = preSolution
		HideSolutionNode = FALSE
	EndGlobalSection
	GlobalSection(ExtensibilityGlobals) = postSolution
		SolutionGuid = {BF12A19D-BB13-49F2-859A-AF315373F702}
	EndGlobalSection
EndGlobal
